
Microsoft Visual Studio Solution File, Format Version 12.00
# Visual Studio Version 17
VisualStudioVersion = 17.6.33801.468
MinimumVisualStudioVersion = 10.0.40219.1
Project("{FAE04EC0-301F-11D3-BF4B-00C04F79EFBC}") = "automated testing", "automated testing\automated testing.csproj", "{D6F8698A-31B4-4301-9234-E09F0740C8A3}"
EndProject
Project("{FAE04EC0-301F-11D3-BF4B-00C04F79EFBC}") = "TestProject1", "TestProject1\TestProject1.csproj", "{3BAF37D1-E71B-4C76-813C-6AB50C6A55DE}"
EndProject
Global
	GlobalSection(SolutionConfigurationPlatforms) = preSolution
		Debug|Any CPU = Debug|Any CPU
		Release|Any CPU = Release|Any CPU
	EndGlobalSection
	GlobalSection(ProjectConfigurationPlatforms) = postSolution
		{D6F8698A-31B4-4301-9234-E09F0740C8A3}.Debug|Any CPU.ActiveCfg = Debug|Any CPU
		{D6F8698A-31B4-4301-9234-E09F0740C8A3}.Debug|Any CPU.Build.0 = Debug|Any CPU
		{D6F8698A-31B4-4301-9234-E09F0740C8A3}.Release|Any CPU.ActiveCfg = Release|Any CPU
		{D6F8698A-31B4-4301-9234-E09F0740C8A3}.Release|Any CPU.Build.0 = Release|Any CPU
		{3BAF37D1-E71B-4C76-813C-6AB50C6A55DE}.Debug|Any CPU.ActiveCfg = Debug|Any CPU
		{3BAF37D1-E71B-4C76-813C-6AB50C6A55DE}.Debug|Any CPU.Build.0 = Debug|Any CPU
		{3BAF37D1-E71B-4C76-813C-6AB50C6A55DE}.Release|Any CPU.ActiveCfg = Release|Any CPU
		{3BAF37D1-E71B-4C76-813C-6AB50C6A55DE}.Release|Any CPU.Build.0 = Release|Any CPU
	EndGlobalSection
	GlobalSection(SolutionProperties) = preSolution
		HideSolutionNode = FALSE
	EndGlobalSection
	GlobalSection(ExtensibilityGlobals) = postSolution
		SolutionGuid = {66571776-94C8-4231-B5C4-297C40994495}
	EndGlobalSection
EndGlobal
